
Microsoft Visual Studio Solution File, Format Version 12.00
# Visual Studio Version 17
VisualStudioVersion = 17.8.34511.84
MinimumVisualStudioVersion = 10.0.40219.1
Project("{9A19103F-16F7-4668-BE54-9A1E7A4F7556}") = "ProjectMaVe", "ProjectMaVe.csproj", "{83FF2861-4904-4742-93BD-6B7E73E62D36}"
EndProject
Global
	GlobalSection(SolutionConfigurationPlatforms) = preSolution
		Debug|Any CPU = Debug|Any CPU
		Release|Any CPU = Release|Any CPU
	EndGlobalSection
	GlobalSection(ProjectConfigurationPlatforms) = postSolution
		{83FF2861-4904-4742-93BD-6B7E73E62D36}.Debug|Any CPU.ActiveCfg = Debug|Any CPU
		{83FF2861-4904-4742-93BD-6B7E73E62D36}.Debug|Any CPU.Build.0 = Debug|Any CPU
		{83FF2861-4904-4742-93BD-6B7E73E62D36}.Release|Any CPU.ActiveCfg = Release|Any CPU
		{83FF2861-4904-4742-93BD-6B7E73E62D36}.Release|Any CPU.Build.0 = Release|Any CPU
	EndGlobalSection
	GlobalSection(SolutionProperties) = preSolution
		HideSolutionNode = FALSE
	EndGlobalSection
	GlobalSection(ExtensibilityGlobals) = postSolution
		SolutionGuid = {CBD77B3C-3922-4E53-9EDB-F9FC57A286AC}
	EndGlobalSection
EndGlobal
